
Microsoft Visual Studio Solution File, Format Version 12.00
# Visual Studio Version 16
VisualStudioVersion = 16.0.32002.261
MinimumVisualStudioVersion = 10.0.40219.1
Project("{FAE04EC0-301F-11D3-BF4B-00C04F79EFBC}") = "IOTClient", "Client1\IOTClient.csproj", "{F012E875-7074-4FA6-8D3E-3330FB71F969}"
EndProject
Global
	GlobalSection(SolutionConfigurationPlatforms) = preSolution
		Debug|Any CPU = Debug|Any CPU
		Release|Any CPU = Release|Any CPU
	EndGlobalSection
	GlobalSection(ProjectConfigurationPlatforms) = postSolution
		{F012E875-7074-4FA6-8D3E-3330FB71F969}.Debug|Any CPU.ActiveCfg = Debug|Any CPU
		{F012E875-7074-4FA6-8D3E-3330FB71F969}.Debug|Any CPU.Build.0 = Debug|Any CPU
		{F012E875-7074-4FA6-8D3E-3330FB71F969}.Release|Any CPU.ActiveCfg = Release|Any CPU
		{F012E875-7074-4FA6-8D3E-3330FB71F969}.Release|Any CPU.Build.0 = Release|Any CPU
	EndGlobalSection
	GlobalSection(SolutionProperties) = preSolution
		HideSolutionNode = FALSE
	EndGlobalSection
	GlobalSection(ExtensibilityGlobals) = postSolution
		SolutionGuid = {F30B185A-B8F5-4888-834D-D65DAE209C12}
	EndGlobalSection
EndGlobal
